
Microsoft Visual Studio Solution File, Format Version 12.00
# Visual Studio 14
VisualStudioVersion = 14.0.24720.0
MinimumVisualStudioVersion = 10.0.40219.1
Project("{8BC9CEB8-8B4A-11D0-8D11-00A0C91BC942}") = "CUBE", "vsprojects\CUBE\CUBE.vcxproj", "{DAE34856-A7E1-4620-BDC1-1E65F1FF0A3E}"
EndProject
Project("{8BC9CEB8-8B4A-11D0-8D11-00A0C91BC942}") = "Raytracing", "vsprojects\Raytracing\Raytracing.vcxproj", "{E1E9B5AD-6DB1-4FF0-8FA5-E730202000D9}"
	ProjectSection(ProjectDependencies) = postProject
		{DAE34856-A7E1-4620-BDC1-1E65F1FF0A3E} = {DAE34856-A7E1-4620-BDC1-1E65F1FF0A3E}
	EndProjectSection
EndProject
Project("{8BC9CEB8-8B4A-11D0-8D11-00A0C91BC942}") = "Template", "vsprojects\Template\Template.vcxproj", "{3DB5E813-391B-4540-A403-236DCC457683}"
	ProjectSection(ProjectDependencies) = postProject
		{DAE34856-A7E1-4620-BDC1-1E65F1FF0A3E} = {DAE34856-A7E1-4620-BDC1-1E65F1FF0A3E}
	EndProjectSection
EndProject
Project("{8BC9CEB8-8B4A-11D0-8D11-00A0C91BC942}") = "DeferredShading", "vsprojects\DeferredShading\DeferredShading.vcxproj", "{01C0413F-DB05-4D22-890F-3330D0004AAE}"
	ProjectSection(ProjectDependencies) = postProject
		{DAE34856-A7E1-4620-BDC1-1E65F1FF0A3E} = {DAE34856-A7E1-4620-BDC1-1E65F1FF0A3E}
	EndProjectSection
EndProject
Global
	GlobalSection(SolutionConfigurationPlatforms) = preSolution
		Debug|Win32 = Debug|Win32
		Release GUI|Win32 = Release GUI|Win32
		Release|Win32 = Release|Win32
	EndGlobalSection
	GlobalSection(ProjectConfigurationPlatforms) = postSolution
		{DAE34856-A7E1-4620-BDC1-1E65F1FF0A3E}.Debug|Win32.ActiveCfg = Debug|Win32
		{DAE34856-A7E1-4620-BDC1-1E65F1FF0A3E}.Debug|Win32.Build.0 = Debug|Win32
		{DAE34856-A7E1-4620-BDC1-1E65F1FF0A3E}.Release GUI|Win32.ActiveCfg = Release GUI|Win32
		{DAE34856-A7E1-4620-BDC1-1E65F1FF0A3E}.Release GUI|Win32.Build.0 = Release GUI|Win32
		{DAE34856-A7E1-4620-BDC1-1E65F1FF0A3E}.Release|Win32.ActiveCfg = Release|Win32
		{DAE34856-A7E1-4620-BDC1-1E65F1FF0A3E}.Release|Win32.Build.0 = Release|Win32
		{E1E9B5AD-6DB1-4FF0-8FA5-E730202000D9}.Debug|Win32.ActiveCfg = Debug|Win32
		{E1E9B5AD-6DB1-4FF0-8FA5-E730202000D9}.Debug|Win32.Build.0 = Debug|Win32
		{E1E9B5AD-6DB1-4FF0-8FA5-E730202000D9}.Release GUI|Win32.ActiveCfg = Release GUI|Win32
		{E1E9B5AD-6DB1-4FF0-8FA5-E730202000D9}.Release GUI|Win32.Build.0 = Release GUI|Win32
		{E1E9B5AD-6DB1-4FF0-8FA5-E730202000D9}.Release|Win32.ActiveCfg = Release|Win32
		{E1E9B5AD-6DB1-4FF0-8FA5-E730202000D9}.Release|Win32.Build.0 = Release|Win32
		{3DB5E813-391B-4540-A403-236DCC457683}.Debug|Win32.ActiveCfg = Debug|Win32
		{3DB5E813-391B-4540-A403-236DCC457683}.Debug|Win32.Build.0 = Debug|Win32
		{3DB5E813-391B-4540-A403-236DCC457683}.Release GUI|Win32.ActiveCfg = Release GUI|Win32
		{3DB5E813-391B-4540-A403-236DCC457683}.Release GUI|Win32.Build.0 = Release GUI|Win32
		{3DB5E813-391B-4540-A403-236DCC457683}.Release|Win32.ActiveCfg = Release|Win32
		{3DB5E813-391B-4540-A403-236DCC457683}.Release|Win32.Build.0 = Release|Win32
		{01C0413F-DB05-4D22-890F-3330D0004AAE}.Debug|Win32.ActiveCfg = Debug|Win32
		{01C0413F-DB05-4D22-890F-3330D0004AAE}.Debug|Win32.Build.0 = Debug|Win32
		{01C0413F-DB05-4D22-890F-3330D0004AAE}.Release GUI|Win32.ActiveCfg = Release GUI|Win32
		{01C0413F-DB05-4D22-890F-3330D0004AAE}.Release GUI|Win32.Build.0 = Release GUI|Win32
		{01C0413F-DB05-4D22-890F-3330D0004AAE}.Release|Win32.ActiveCfg = Release|Win32
		{01C0413F-DB05-4D22-890F-3330D0004AAE}.Release|Win32.Build.0 = Release|Win32
	EndGlobalSection
	GlobalSection(SolutionProperties) = preSolution
		HideSolutionNode = FALSE
	EndGlobalSection
EndGlobal
